
Microsoft Visual Studio Solution File, Format Version 12.00
# Visual Studio Version 17
VisualStudioVersion = 17.0.31912.275
MinimumVisualStudioVersion = 10.0.40219.1
Project("{FAE04EC0-301F-11D3-BF4B-00C04F79EFBC}") = "TestCore", "TestCore\TestCore.csproj", "{D4009EA5-D9A1-4462-BEDC-3B70F80C657C}"
EndProject
Global
	GlobalSection(SolutionConfigurationPlatforms) = preSolution
		Debug|Any CPU = Debug|Any CPU
		Release|Any CPU = Release|Any CPU
	EndGlobalSection
	GlobalSection(ProjectConfigurationPlatforms) = postSolution
		{D4009EA5-D9A1-4462-BEDC-3B70F80C657C}.Debug|Any CPU.ActiveCfg = Debug|Any CPU
		{D4009EA5-D9A1-4462-BEDC-3B70F80C657C}.Debug|Any CPU.Build.0 = Debug|Any CPU
		{D4009EA5-D9A1-4462-BEDC-3B70F80C657C}.Release|Any CPU.ActiveCfg = Release|Any CPU
		{D4009EA5-D9A1-4462-BEDC-3B70F80C657C}.Release|Any CPU.Build.0 = Release|Any CPU
	EndGlobalSection
	GlobalSection(SolutionProperties) = preSolution
		HideSolutionNode = FALSE
	EndGlobalSection
	GlobalSection(ExtensibilityGlobals) = postSolution
		SolutionGuid = {75008E28-BA54-4D8F-B8C7-C6977AE8C8E7}
	EndGlobalSection
EndGlobal
